
Microsoft Visual Studio Solution File, Format Version 12.00
# Visual Studio Version 17
VisualStudioVersion = 17.11.35327.3
MinimumVisualStudioVersion = 10.0.40219.1
Project("{FAE04EC0-301F-11D3-BF4B-00C04F79EFBC}") = "eCommerce.ConsoleEngReverso", "eCommerce.ConsoleEngReverso\eCommerce.ConsoleEngReverso.csproj", "{7B17AEEA-0BE2-4F0E-AF16-9E8B2C0437FF}"
EndProject
Global
	GlobalSection(SolutionConfigurationPlatforms) = preSolution
		Debug|Any CPU = Debug|Any CPU
		Release|Any CPU = Release|Any CPU
	EndGlobalSection
	GlobalSection(ProjectConfigurationPlatforms) = postSolution
		{7B17AEEA-0BE2-4F0E-AF16-9E8B2C0437FF}.Debug|Any CPU.ActiveCfg = Debug|Any CPU
		{7B17AEEA-0BE2-4F0E-AF16-9E8B2C0437FF}.Debug|Any CPU.Build.0 = Debug|Any CPU
		{7B17AEEA-0BE2-4F0E-AF16-9E8B2C0437FF}.Release|Any CPU.ActiveCfg = Release|Any CPU
		{7B17AEEA-0BE2-4F0E-AF16-9E8B2C0437FF}.Release|Any CPU.Build.0 = Release|Any CPU
	EndGlobalSection
	GlobalSection(SolutionProperties) = preSolution
		HideSolutionNode = FALSE
	EndGlobalSection
	GlobalSection(ExtensibilityGlobals) = postSolution
		SolutionGuid = {60D8AC29-FED7-4776-9560-2818CB879595}
	EndGlobalSection
EndGlobal
